{
  "name": "monolith",
  "version": "1.0.0",
  "lockfileVersion": 3,
  "requires": true,
  "packages": {
    "": {
      "name": "monolith",
      "version": "1.0.0",
      "license": "ISC",
      "dependencies": {
        "distributor": "file:../../../distributor"
      }
    },
    "../../../distributor": {
      "name": "js-distributor",
      "version": "1.0.4",
      "license": "ISC",
      "dependencies": {
        "antlr4": "^4.13.1",
        "chalk": "^5.4.1",
        "child_process": "^1.0.2",
        "commander": "^13.1.0",
        "glob": "^8.0.3",
        "gradient-string": "^3.0.0",
        "js-beautify": "^1.14.6",
        "js-distributor": "file:",
        "js-yaml": "^4.1.0"
      },
      "bin": {
        "js-distributor-scripts": "bin/distributor-scripts.js"
      }
    },
    "node_modules/distributor": {
      "resolved": "../../../distributor",
      "link": true
    }
  }
}
