{
    "name": "alpha",
    "version": "1.0.0",
    "lockfileVersion": 3,
    "requires": true,
    "packages": {
        "": {
            "name": "alpha",
            "version": "1.0.0",
            "license": "ISC",
            "dependencies": {
                "amqplib": "^0.10.7",
                "uuid": "^11.1.0"
            },
            "devDependencies": {}
        },
        "node_modules/amqplib": {
            "version": "0.10.7",
            "resolved": "https://registry.npmjs.org/amqplib/-/amqplib-0.10.7.tgz",
            "integrity": "sha512-7xPSYKSX2kj/bT6iHZ3MlctzxdCW1Ds9xyN0EmuRi2DZxHztwwoG1YkZrgmLyuPNjfxlRiMdWJPQscmoa3Vgdg==",
            "license": "MIT",
            "dependencies": {
                "buffer-more-ints": "~1.0.0",
                "url-parse": "~1.5.10"
            },
            "engines": {
                "node": ">=10"
            }
        },
        "node_modules/buffer-more-ints": {
            "version": "1.0.0",
            "resolved": "https://registry.npmjs.org/buffer-more-ints/-/buffer-more-ints-1.0.0.tgz",
            "integrity": "sha512-EMetuGFz5SLsT0QTnXzINh4Ksr+oo4i+UGTXEshiGCQWnsgSs7ZhJ8fzlwQ+OzEMs0MpDAMr1hxnblp5a4vcHg==",
            "license": "MIT"
        },
        "node_modules/querystringify": {
            "version": "2.2.0",
            "resolved": "https://registry.npmjs.org/querystringify/-/querystringify-2.2.0.tgz",
            "integrity": "sha512-FIqgj2EUvTa7R50u0rGsyTftzjYmv/a3hO345bZNrqabNqjtgiDMgmo4mkUjd+nzU5oF3dClKqFIPUKybUyqoQ==",
            "license": "MIT"
        },
        "node_modules/requires-port": {
            "version": "1.0.0",
            "resolved": "https://registry.npmjs.org/requires-port/-/requires-port-1.0.0.tgz",
            "integrity": "sha512-KigOCHcocU3XODJxsu8i/j8T9tzT4adHiecwORRQ0ZZFcp7ahwXuRU1m+yuO90C5ZUyGeGfocHDI14M3L3yDAQ==",
            "license": "MIT"
        },
        "node_modules/url-parse": {
            "version": "1.5.10",
            "resolved": "https://registry.npmjs.org/url-parse/-/url-parse-1.5.10.tgz",
            "integrity": "sha512-WypcfiRhfeUP9vvF0j6rw0J3hrWrw6iZv3+22h6iRMJ/8z1Tj6XfLP4DsUix5MhMPnXpiHDoKyoZ/bdCkwBCiQ==",
            "license": "MIT",
            "dependencies": {
                "querystringify": "^2.1.1",
                "requires-port": "^1.0.0"
            }
        },
        "node_modules/uuid": {
            "version": "11.1.0",
            "resolved": "https://registry.npmjs.org/uuid/-/uuid-11.1.0.tgz",
            "integrity": "sha512-0/A9rDy9P7cJ+8w1c9WD9V//9Wj15Ce2MPz8Ri6032usz+NfePxx5AcN3bN+r6ZL6jEo066/yNYB3tn4pQEx+A==",
            "funding": [
                "https://github.com/sponsors/broofa",
                "https://github.com/sponsors/ctavan"
            ],
            "license": "MIT",
            "bin": {
                "uuid": "dist/esm/bin/uuid"
            }
        }
    }
}
