{
  "name": "alpha",
  "version": "1.0.0",
  "lockfileVersion": 3,
  "requires": true,
  "packages": {
    "": {
      "name": "alpha",
      "version": "1.0.0",
      "license": "ISC",
      "devDependencies": {}
    },
    "../../../distributor": {
      "extraneous": true
    },
    "../../distributor": {
      "name": "js-distributor",
      "version": "2.0.5",
      "extraneous": true,
      "license": "ISC",
      "dependencies": {
        "@babel/generator": "^7.28.3",
        "@babel/parser": "^7.28.4",
        "@babel/traverse": "^7.28.4",
        "@babel/types": "^7.28.4",
        "chalk": "^5.4.1",
        "child_process": "^1.0.2",
        "commander": "^13.1.0",
        "glob": "^8.0.3",
        "gradient-string": "^3.0.0",
        "js-beautify": "^1.14.6",
        "js-yaml": "^4.1.0",
        "minimatch": "^10.0.1"
      },
      "bin": {
        "js-distributor-scripts": "bin/distributor-scripts.js"
      }
    }
  }
}
